
Microsoft Visual Studio Solution File, Format Version 12.00
# Visual Studio 15
VisualStudioVersion = 15.0.28307.1401
MinimumVisualStudioVersion = 10.0.40219.1
Project("{FAE04EC0-301F-11D3-BF4B-00C04F79EFBC}") = "ArtistsHub", "ArtistsHub\ArtistsHub.csproj", "{8C173F98-B127-43F4-9BF6-335C66DFD851}"
EndProject
Global
	GlobalSection(SolutionConfigurationPlatforms) = preSolution
		Debug|Any CPU = Debug|Any CPU
		Release|Any CPU = Release|Any CPU
	EndGlobalSection
	GlobalSection(ProjectConfigurationPlatforms) = postSolution
		{8C173F98-B127-43F4-9BF6-335C66DFD851}.Debug|Any CPU.ActiveCfg = Debug|Any CPU
		{8C173F98-B127-43F4-9BF6-335C66DFD851}.Debug|Any CPU.Build.0 = Debug|Any CPU
		{8C173F98-B127-43F4-9BF6-335C66DFD851}.Release|Any CPU.ActiveCfg = Release|Any CPU
		{8C173F98-B127-43F4-9BF6-335C66DFD851}.Release|Any CPU.Build.0 = Release|Any CPU
	EndGlobalSection
	GlobalSection(SolutionProperties) = preSolution
		HideSolutionNode = FALSE
	EndGlobalSection
	GlobalSection(ExtensibilityGlobals) = postSolution
		SolutionGuid = {66952B10-8D7D-44FA-A180-AFDDFE04EE64}
	EndGlobalSection
EndGlobal
